
Microsoft Visual Studio Solution File, Format Version 12.00
# Visual Studio 15
VisualStudioVersion = 15.0.27703.2047
MinimumVisualStudioVersion = 10.0.40219.1
Project("{FAE04EC0-301F-11D3-BF4B-00C04F79EFBC}") = "CompanyService", "CompanyService\CompanyService.csproj", "{4A9CFD63-7428-49C8-B42F-35AA8A99C754}"
EndProject
Project("{FAE04EC0-301F-11D3-BF4B-00C04F79EFBC}") = "CompanyServiceHost", "CompanyServiceHost\CompanyServiceHost.csproj", "{AE6BB3BC-82E1-470B-81F1-1843595F92FE}"
EndProject
Project("{FAE04EC0-301F-11D3-BF4B-00C04F79EFBC}") = "CompanyClient", "CompanyClient\CompanyClient.csproj", "{F7DF108C-1ECC-4BB8-A418-418BD84CE6DE}"
EndProject
Global
	GlobalSection(SolutionConfigurationPlatforms) = preSolution
		Debug|Any CPU = Debug|Any CPU
		Release|Any CPU = Release|Any CPU
	EndGlobalSection
	GlobalSection(ProjectConfigurationPlatforms) = postSolution
		{4A9CFD63-7428-49C8-B42F-35AA8A99C754}.Debug|Any CPU.ActiveCfg = Debug|Any CPU
		{4A9CFD63-7428-49C8-B42F-35AA8A99C754}.Debug|Any CPU.Build.0 = Debug|Any CPU
		{4A9CFD63-7428-49C8-B42F-35AA8A99C754}.Release|Any CPU.ActiveCfg = Release|Any CPU
		{4A9CFD63-7428-49C8-B42F-35AA8A99C754}.Release|Any CPU.Build.0 = Release|Any CPU
		{AE6BB3BC-82E1-470B-81F1-1843595F92FE}.Debug|Any CPU.ActiveCfg = Debug|Any CPU
		{AE6BB3BC-82E1-470B-81F1-1843595F92FE}.Debug|Any CPU.Build.0 = Debug|Any CPU
		{AE6BB3BC-82E1-470B-81F1-1843595F92FE}.Release|Any CPU.ActiveCfg = Release|Any CPU
		{AE6BB3BC-82E1-470B-81F1-1843595F92FE}.Release|Any CPU.Build.0 = Release|Any CPU
		{F7DF108C-1ECC-4BB8-A418-418BD84CE6DE}.Debug|Any CPU.ActiveCfg = Debug|Any CPU
		{F7DF108C-1ECC-4BB8-A418-418BD84CE6DE}.Debug|Any CPU.Build.0 = Debug|Any CPU
		{F7DF108C-1ECC-4BB8-A418-418BD84CE6DE}.Release|Any CPU.ActiveCfg = Release|Any CPU
		{F7DF108C-1ECC-4BB8-A418-418BD84CE6DE}.Release|Any CPU.Build.0 = Release|Any CPU
	EndGlobalSection
	GlobalSection(SolutionProperties) = preSolution
		HideSolutionNode = FALSE
	EndGlobalSection
	GlobalSection(ExtensibilityGlobals) = postSolution
		SolutionGuid = {0B8D2169-06E8-4501-A7D7-0129776BC3CE}
	EndGlobalSection
EndGlobal
