
Microsoft Visual Studio Solution File, Format Version 12.00
# Visual Studio 15
VisualStudioVersion = 15.0.27703.2026
MinimumVisualStudioVersion = 10.0.40219.1
Project("{FAE04EC0-301F-11D3-BF4B-00C04F79EFBC}") = "TrackerLibrary", "TrackerLibrary\TrackerLibrary.csproj", "{50A10013-CCF0-430F-9130-B02E023B859B}"
EndProject
Project("{FAE04EC0-301F-11D3-BF4B-00C04F79EFBC}") = "TrackerUI", "TrackerUI\TrackerUI.csproj", "{0CA026F1-806C-4E5B-BF1D-615C4BAD0221}"
EndProject
Global
	GlobalSection(SolutionConfigurationPlatforms) = preSolution
		Debug|Any CPU = Debug|Any CPU
		Release|Any CPU = Release|Any CPU
	EndGlobalSection
	GlobalSection(ProjectConfigurationPlatforms) = postSolution
		{50A10013-CCF0-430F-9130-B02E023B859B}.Debug|Any CPU.ActiveCfg = Debug|Any CPU
		{50A10013-CCF0-430F-9130-B02E023B859B}.Debug|Any CPU.Build.0 = Debug|Any CPU
		{50A10013-CCF0-430F-9130-B02E023B859B}.Release|Any CPU.ActiveCfg = Release|Any CPU
		{50A10013-CCF0-430F-9130-B02E023B859B}.Release|Any CPU.Build.0 = Release|Any CPU
		{0CA026F1-806C-4E5B-BF1D-615C4BAD0221}.Debug|Any CPU.ActiveCfg = Debug|Any CPU
		{0CA026F1-806C-4E5B-BF1D-615C4BAD0221}.Debug|Any CPU.Build.0 = Debug|Any CPU
		{0CA026F1-806C-4E5B-BF1D-615C4BAD0221}.Release|Any CPU.ActiveCfg = Release|Any CPU
		{0CA026F1-806C-4E5B-BF1D-615C4BAD0221}.Release|Any CPU.Build.0 = Release|Any CPU
	EndGlobalSection
	GlobalSection(SolutionProperties) = preSolution
		HideSolutionNode = FALSE
	EndGlobalSection
	GlobalSection(ExtensibilityGlobals) = postSolution
		SolutionGuid = {9EA88817-6BA0-42BA-B72C-454AE231653A}
	EndGlobalSection
EndGlobal
