
Microsoft Visual Studio Solution File, Format Version 12.00
# Visual Studio 15
VisualStudioVersion = 15.0.27703.2026
MinimumVisualStudioVersion = 10.0.40219.1
Project("{FAE04EC0-301F-11D3-BF4B-00C04F79EFBC}") = "LinqLibrary", "LinqLibrary\LinqLibrary.csproj", "{00C77393-40F7-45DA-83CA-3DDE37ACAF75}"
EndProject
Project("{FAE04EC0-301F-11D3-BF4B-00C04F79EFBC}") = "FormUI", "FormUI\FormUI.csproj", "{5335DEFD-77C0-406B-9889-626C129BA234}"
EndProject
Global
	GlobalSection(SolutionConfigurationPlatforms) = preSolution
		Debug|Any CPU = Debug|Any CPU
		Release|Any CPU = Release|Any CPU
	EndGlobalSection
	GlobalSection(ProjectConfigurationPlatforms) = postSolution
		{00C77393-40F7-45DA-83CA-3DDE37ACAF75}.Debug|Any CPU.ActiveCfg = Debug|Any CPU
		{00C77393-40F7-45DA-83CA-3DDE37ACAF75}.Debug|Any CPU.Build.0 = Debug|Any CPU
		{00C77393-40F7-45DA-83CA-3DDE37ACAF75}.Release|Any CPU.ActiveCfg = Release|Any CPU
		{00C77393-40F7-45DA-83CA-3DDE37ACAF75}.Release|Any CPU.Build.0 = Release|Any CPU
		{5335DEFD-77C0-406B-9889-626C129BA234}.Debug|Any CPU.ActiveCfg = Debug|Any CPU
		{5335DEFD-77C0-406B-9889-626C129BA234}.Debug|Any CPU.Build.0 = Debug|Any CPU
		{5335DEFD-77C0-406B-9889-626C129BA234}.Release|Any CPU.ActiveCfg = Release|Any CPU
		{5335DEFD-77C0-406B-9889-626C129BA234}.Release|Any CPU.Build.0 = Release|Any CPU
	EndGlobalSection
	GlobalSection(SolutionProperties) = preSolution
		HideSolutionNode = FALSE
	EndGlobalSection
	GlobalSection(ExtensibilityGlobals) = postSolution
		SolutionGuid = {D411DD10-F8CF-4136-BD1B-7D4053BD4CBE}
	EndGlobalSection
EndGlobal
